
Microsoft Visual Studio Solution File, Format Version 12.00
# Visual Studio 15
VisualStudioVersion = 15.0.27703.2000
MinimumVisualStudioVersion = 10.0.40219.1
Project("{FAE04EC0-301F-11D3-BF4B-00C04F79EFBC}") = "ArtPop", "ArtPop.csproj", "{450DE66F-5C97-4061-A928-621D4AC4D980}"
EndProject
Global
	GlobalSection(SolutionConfigurationPlatforms) = preSolution
		Debug|Any CPU = Debug|Any CPU
		Release|Any CPU = Release|Any CPU
	EndGlobalSection
	GlobalSection(ProjectConfigurationPlatforms) = postSolution
		{450DE66F-5C97-4061-A928-621D4AC4D980}.Debug|Any CPU.ActiveCfg = Debug|Any CPU
		{450DE66F-5C97-4061-A928-621D4AC4D980}.Debug|Any CPU.Build.0 = Debug|Any CPU
		{450DE66F-5C97-4061-A928-621D4AC4D980}.Release|Any CPU.ActiveCfg = Release|Any CPU
		{450DE66F-5C97-4061-A928-621D4AC4D980}.Release|Any CPU.Build.0 = Release|Any CPU
	EndGlobalSection
	GlobalSection(SolutionProperties) = preSolution
		HideSolutionNode = FALSE
	EndGlobalSection
	GlobalSection(ExtensibilityGlobals) = postSolution
		SolutionGuid = {890DBE60-1F37-4371-B21D-FF83D38FECB7}
	EndGlobalSection
EndGlobal
